
Microsoft Visual Studio Solution File, Format Version 12.00
# Visual Studio Version 16
VisualStudioVersion = 16.0.30804.86
MinimumVisualStudioVersion = 10.0.40219.1
Project("{9A19103F-16F7-4668-BE54-9A1E7A4F7556}") = "SecondProject", "SecondProject.csproj", "{9F2DEE75-29BE-44A6-9C84-964F31A06D16}"
EndProject
Global
	GlobalSection(SolutionConfigurationPlatforms) = preSolution
		Debug|Any CPU = Debug|Any CPU
		Release|Any CPU = Release|Any CPU
	EndGlobalSection
	GlobalSection(ProjectConfigurationPlatforms) = postSolution
		{9F2DEE75-29BE-44A6-9C84-964F31A06D16}.Debug|Any CPU.ActiveCfg = Debug|Any CPU
		{9F2DEE75-29BE-44A6-9C84-964F31A06D16}.Debug|Any CPU.Build.0 = Debug|Any CPU
		{9F2DEE75-29BE-44A6-9C84-964F31A06D16}.Release|Any CPU.ActiveCfg = Release|Any CPU
		{9F2DEE75-29BE-44A6-9C84-964F31A06D16}.Release|Any CPU.Build.0 = Release|Any CPU
	EndGlobalSection
	GlobalSection(SolutionProperties) = preSolution
		HideSolutionNode = FALSE
	EndGlobalSection
	GlobalSection(ExtensibilityGlobals) = postSolution
		SolutionGuid = {51FF53E3-B6A5-4982-97E2-1707810F7DD8}
	EndGlobalSection
EndGlobal
