
Microsoft Visual Studio Solution File, Format Version 12.00
# Visual Studio Version 16
VisualStudioVersion = 16.0.30804.86
MinimumVisualStudioVersion = 10.0.40219.1
Project("{FAE04EC0-301F-11D3-BF4B-00C04F79EFBC}") = "ProgEx07", "ProgEx07.csproj", "{6F0730E0-707C-4E67-AD42-186FD6EEF45A}"
EndProject
Global
	GlobalSection(SolutionConfigurationPlatforms) = preSolution
		Debug|Any CPU = Debug|Any CPU
		Release|Any CPU = Release|Any CPU
	EndGlobalSection
	GlobalSection(ProjectConfigurationPlatforms) = postSolution
		{6F0730E0-707C-4E67-AD42-186FD6EEF45A}.Debug|Any CPU.ActiveCfg = Debug|Any CPU
		{6F0730E0-707C-4E67-AD42-186FD6EEF45A}.Debug|Any CPU.Build.0 = Debug|Any CPU
		{6F0730E0-707C-4E67-AD42-186FD6EEF45A}.Release|Any CPU.ActiveCfg = Release|Any CPU
		{6F0730E0-707C-4E67-AD42-186FD6EEF45A}.Release|Any CPU.Build.0 = Release|Any CPU
	EndGlobalSection
	GlobalSection(SolutionProperties) = preSolution
		HideSolutionNode = FALSE
	EndGlobalSection
	GlobalSection(ExtensibilityGlobals) = postSolution
		SolutionGuid = {D048ABB8-7CC3-4C17-A9E0-402D5E3B0A45}
	EndGlobalSection
EndGlobal
