
Microsoft Visual Studio Solution File, Format Version 12.00
# Visual Studio Version 16
VisualStudioVersion = 16.0.30804.86
MinimumVisualStudioVersion = 10.0.40219.1
Project("{FAE04EC0-301F-11D3-BF4B-00C04F79EFBC}") = "ProgEx08", "ProgEx08.csproj", "{A87F5E44-737F-49B4-BFD3-5295C50587E2}"
EndProject
Global
	GlobalSection(SolutionConfigurationPlatforms) = preSolution
		Debug|Any CPU = Debug|Any CPU
		Release|Any CPU = Release|Any CPU
	EndGlobalSection
	GlobalSection(ProjectConfigurationPlatforms) = postSolution
		{A87F5E44-737F-49B4-BFD3-5295C50587E2}.Debug|Any CPU.ActiveCfg = Debug|Any CPU
		{A87F5E44-737F-49B4-BFD3-5295C50587E2}.Debug|Any CPU.Build.0 = Debug|Any CPU
		{A87F5E44-737F-49B4-BFD3-5295C50587E2}.Release|Any CPU.ActiveCfg = Release|Any CPU
		{A87F5E44-737F-49B4-BFD3-5295C50587E2}.Release|Any CPU.Build.0 = Release|Any CPU
	EndGlobalSection
	GlobalSection(SolutionProperties) = preSolution
		HideSolutionNode = FALSE
	EndGlobalSection
	GlobalSection(ExtensibilityGlobals) = postSolution
		SolutionGuid = {863666C7-1C75-4B40-9AA9-18ADEE888C4E}
	EndGlobalSection
EndGlobal
